Microsoft Visual Studio Solution File, Format Version 12.00
# Visual Studio Version 17
VisualStudioVersion = 17.5.2.0
MinimumVisualStudioVersion = 10.0.40219.1
Project("{FAE04EC0-301F-11D3-BF4B-00C04F79EFBC}") = "RfpBackend", "RfpBackend.csproj", "{F566AE34-8FCD-B307-C4A1-9455758D23FE}"
EndProject
Global
	GlobalSection(SolutionConfigurationPlatforms) = preSolution
		Debug|Any CPU = Debug|Any CPU
		Release|Any CPU = Release|Any CPU
	EndGlobalSection
	GlobalSection(ProjectConfigurationPlatforms) = postSolution
		{F566AE34-8FCD-B307-C4A1-9455758D23FE}.Debug|Any CPU.ActiveCfg = Debug|Any CPU
		{F566AE34-8FCD-B307-C4A1-9455758D23FE}.Debug|Any CPU.Build.0 = Debug|Any CPU
		{F566AE34-8FCD-B307-C4A1-9455758D23FE}.Release|Any CPU.ActiveCfg = Release|Any CPU
		{F566AE34-8FCD-B307-C4A1-9455758D23FE}.Release|Any CPU.Build.0 = Release|Any CPU
	EndGlobalSection
	GlobalSection(SolutionProperties) = preSolution
		HideSolutionNode = FALSE
	EndGlobalSection
	GlobalSection(ExtensibilityGlobals) = postSolution
		SolutionGuid = {3CF15EA2-9913-4827-838E-CE73D39B493F}
	EndGlobalSection
EndGlobal
